
Microsoft Visual Studio Solution File, Format Version 12.00
# Visual Studio Version 16
VisualStudioVersion = 16.0.30621.155
MinimumVisualStudioVersion = 10.0.40219.1
Project("{FAE04EC0-301F-11D3-BF4B-00C04F79EFBC}") = "Pregunta1", "Pregunta1\Pregunta1.csproj", "{689072EE-85A9-4CA8-977D-D86F6B323DA2}"
EndProject
Project("{FAE04EC0-301F-11D3-BF4B-00C04F79EFBC}") = "Pregunta2", "Pregunta2\Pregunta2.csproj", "{7E9A17B9-2B2B-4D05-991A-9EB4FA049E13}"
EndProject
Project("{FAE04EC0-301F-11D3-BF4B-00C04F79EFBC}") = "Pregunta3", "Pregunta3\Pregunta3.csproj", "{C69F7DED-69AC-4256-8141-0CAF34FEEF03}"
EndProject
Global
	GlobalSection(SolutionConfigurationPlatforms) = preSolution
		Debug|Any CPU = Debug|Any CPU
		Release|Any CPU = Release|Any CPU
	EndGlobalSection
	GlobalSection(ProjectConfigurationPlatforms) = postSolution
		{689072EE-85A9-4CA8-977D-D86F6B323DA2}.Debug|Any CPU.ActiveCfg = Debug|Any CPU
		{689072EE-85A9-4CA8-977D-D86F6B323DA2}.Debug|Any CPU.Build.0 = Debug|Any CPU
		{689072EE-85A9-4CA8-977D-D86F6B323DA2}.Release|Any CPU.ActiveCfg = Release|Any CPU
		{689072EE-85A9-4CA8-977D-D86F6B323DA2}.Release|Any CPU.Build.0 = Release|Any CPU
		{7E9A17B9-2B2B-4D05-991A-9EB4FA049E13}.Debug|Any CPU.ActiveCfg = Debug|Any CPU
		{7E9A17B9-2B2B-4D05-991A-9EB4FA049E13}.Debug|Any CPU.Build.0 = Debug|Any CPU
		{7E9A17B9-2B2B-4D05-991A-9EB4FA049E13}.Release|Any CPU.ActiveCfg = Release|Any CPU
		{7E9A17B9-2B2B-4D05-991A-9EB4FA049E13}.Release|Any CPU.Build.0 = Release|Any CPU
		{C69F7DED-69AC-4256-8141-0CAF34FEEF03}.Debug|Any CPU.ActiveCfg = Debug|Any CPU
		{C69F7DED-69AC-4256-8141-0CAF34FEEF03}.Debug|Any CPU.Build.0 = Debug|Any CPU
		{C69F7DED-69AC-4256-8141-0CAF34FEEF03}.Release|Any CPU.ActiveCfg = Release|Any CPU
		{C69F7DED-69AC-4256-8141-0CAF34FEEF03}.Release|Any CPU.Build.0 = Release|Any CPU
	EndGlobalSection
	GlobalSection(SolutionProperties) = preSolution
		HideSolutionNode = FALSE
	EndGlobalSection
	GlobalSection(ExtensibilityGlobals) = postSolution
		SolutionGuid = {75C69BDB-FEA2-44EB-A5E6-2216BD7C63D8}
	EndGlobalSection
EndGlobal
